Microsoft Visual Studio Solution File, Format Version 12.00
# Visual Studio Version 17
VisualStudioVersion = 17.5.2.0
MinimumVisualStudioVersion = 10.0.40219.1
Project("{2150E333-8FDC-42A3-9474-1A3956D46DE8}") = "Launcher", "Launcher", "{740C5202-8AD2-6D86-0CA9-F95B1A2D697C}"
EndProject
Project("{2150E333-8FDC-42A3-9474-1A3956D46DE8}") = "Source", "Source", "{E28A9411-DB0C-FAD7-4D26-95072B81CCCB}"
EndProject
Project("{FAE04EC0-301F-11D3-BF4B-00C04F79EFBC}") = "PropertyFlow.Launcher", "Source\PropertyFlow.Launcher.csproj", "{DC12D2C8-106E-37DF-4121-04D541D4E5AC}"
EndProject
Global
	GlobalSection(SolutionConfigurationPlatforms) = preSolution
		Debug|Any CPU = Debug|Any CPU
		Release|Any CPU = Release|Any CPU
	EndGlobalSection
	GlobalSection(ProjectConfigurationPlatforms) = postSolution
		{DC12D2C8-106E-37DF-4121-04D541D4E5AC}.Debug|Any CPU.ActiveCfg = Debug|Any CPU
		{DC12D2C8-106E-37DF-4121-04D541D4E5AC}.Debug|Any CPU.Build.0 = Debug|Any CPU
		{DC12D2C8-106E-37DF-4121-04D541D4E5AC}.Release|Any CPU.ActiveCfg = Release|Any CPU
		{DC12D2C8-106E-37DF-4121-04D541D4E5AC}.Release|Any CPU.Build.0 = Release|Any CPU
	EndGlobalSection
	GlobalSection(SolutionProperties) = preSolution
		HideSolutionNode = FALSE
	EndGlobalSection
	GlobalSection(NestedProjects) = preSolution
		{E28A9411-DB0C-FAD7-4D26-95072B81CCCB} = {740C5202-8AD2-6D86-0CA9-F95B1A2D697C}
		{DC12D2C8-106E-37DF-4121-04D541D4E5AC} = {E28A9411-DB0C-FAD7-4D26-95072B81CCCB}
	EndGlobalSection
	GlobalSection(ExtensibilityGlobals) = postSolution
		SolutionGuid = {9151663A-961E-4E02-BBF0-ABCD7F009DAB}
	EndGlobalSection
EndGlobal
